# THIS IS AN AUTOGENERATED FILE. DO NOT EDIT THIS FILE DIRECTLY.
# yarn lockfile v1


"@babel/runtime@^7.21.0", "@babel/runtime@^7.23.8", "@babel/runtime@^7.5.5", "@babel/runtime@^7.6.2", "@babel/runtime@^7.7.2":
  version "7.26.7"
  resolved "https://registry.yarnpkg.com/@babel/runtime/-/runtime-7.26.7.tgz#f4e7fe527cd710f8dc0618610b61b4b060c3c341"
  integrity sha512-AOPI3D+a8dXnja+iwsUqGRjr1BbZIe771sXdapOtYI531gSqpi92vXivKcq2asu/DFpdl1ceFAKZyRzK2PCVcQ==
  dependencies:
    regenerator-runtime "^0.14.0"

"@formatjs/ecma402-abstract@1.18.2":
  version "1.18.2"
  resolved "https://registry.yarnpkg.com/@formatjs/ecma402-abstract/-/ecma402-abstract-1.18.2.tgz#bf103712a406874eb1e387858d5be2371ab3aa14"
  integrity sha512-+QoPW4csYALsQIl8GbN14igZzDbuwzcpWrku9nyMXlaqAlwRBgl5V+p0vWMGFqHOw37czNXaP/lEk4wbLgcmtA==
  dependencies:
    "@formatjs/intl-localematcher" "0.5.4"
    tslib "^2.4.0"

"@formatjs/fast-memoize@2.2.0":
  version "2.2.0"
  resolved "https://registry.yarnpkg.com/@formatjs/fast-memoize/-/fast-memoize-2.2.0.tgz#33bd616d2e486c3e8ef4e68c99648c196887802b"
  integrity sha512-hnk/nY8FyrL5YxwP9e4r9dqeM6cAbo8PeU9UjyXojZMNvVad2Z06FAVHyR3Ecw6fza+0GH7vdJgiKIVXTMbSBA==
  dependencies:
    tslib "^2.4.0"

"@formatjs/icu-messageformat-parser@2.7.6":
  version "2.7.6"
  resolved "https://registry.yarnpkg.com/@formatjs/icu-messageformat-parser/-/icu-messageformat-parser-2.7.6.tgz#3d69806de056d2919d53dad895a5ff4851e4e9ff"
  integrity sha512-etVau26po9+eewJKYoiBKP6743I1br0/Ie00Pb/S/PtmYfmjTcOn2YCh2yNkSZI12h6Rg+BOgQYborXk46BvkA==
  dependencies:
    "@formatjs/ecma402-abstract" "1.18.2"
    "@formatjs/icu-skeleton-parser" "1.8.0"
    tslib "^2.4.0"

"@formatjs/icu-skeleton-parser@1.8.0":
  version "1.8.0"
  resolved "https://registry.yarnpkg.com/@formatjs/icu-skeleton-parser/-/icu-skeleton-parser-1.8.0.tgz#5f3d3a620c687d6f8c180d80d1241e8f213acf79"
  integrity sha512-QWLAYvM0n8hv7Nq5BEs4LKIjevpVpbGLAJgOaYzg9wABEoX1j0JO1q2/jVkO6CVlq0dbsxZCngS5aXbysYueqA==
  dependencies:
    "@formatjs/ecma402-abstract" "1.18.2"
    tslib "^2.4.0"

"@formatjs/intl-displaynames@6.6.6":
  version "6.6.6"
  resolved "https://registry.yarnpkg.com/@formatjs/intl-displaynames/-/intl-displaynames-6.6.6.tgz#be9fea4d24f577bb1a9d0f3ef4f2dcdabb4fe42d"
  integrity sha512-Dg5URSjx0uzF8VZXtHb6KYZ6LFEEhCbAbKoYChYHEOnMFTw/ZU3jIo/NrujzQD2EfKPgQzIq73LOUvW6Z/LpFA==
  dependencies:
    "@formatjs/ecma402-abstract" "1.18.2"
    "@formatjs/intl-localematcher" "0.5.4"
    tslib "^2.4.0"

"@formatjs/intl-listformat@7.5.5":
  version "7.5.5"
  resolved "https://registry.yarnpkg.com/@formatjs/intl-listformat/-/intl-listformat-7.5.5.tgz#e4c7d741f2201c65e7da71326726e61332c7161e"
  integrity sha512-XoI52qrU6aBGJC9KJddqnacuBbPlb/bXFN+lIFVFhQ1RnFHpzuFrlFdjD9am2O7ZSYsyqzYRpkVcXeT1GHkwDQ==
  dependencies:
    "@formatjs/ecma402-abstract" "1.18.2"
    "@formatjs/intl-localematcher" "0.5.4"
    tslib "^2.4.0"

"@formatjs/intl-localematcher@0.5.4":
  version "0.5.4"
  resolved "https://registry.yarnpkg.com/@formatjs/intl-localematcher/-/intl-localematcher-0.5.4.tgz#caa71f2e40d93e37d58be35cfffe57865f2b366f"
  integrity sha512-zTwEpWOzZ2CiKcB93BLngUX59hQkuZjT2+SAQEscSm52peDW/getsawMcWF1rGRpMCX6D7nSJA3CzJ8gn13N/g==
  dependencies:
    tslib "^2.4.0"

"@formatjs/intl@2.10.0":
  version "2.10.0"
  resolved "https://registry.yarnpkg.com/@formatjs/intl/-/intl-2.10.0.tgz#d7bb557e172ceb0bb0be9298b61e9de957119985"
  integrity sha512-X3xT9guVkKDS86EKV80lS0KxoazUglkJTGZO66sKY7otgl0VeStPA8B3u8UkKT47PexVV98fUzjpkchYmbe9nw==
  dependencies:
    "@formatjs/ecma402-abstract" "1.18.2"
    "@formatjs/fast-memoize" "2.2.0"
    "@formatjs/icu-messageformat-parser" "2.7.6"
    "@formatjs/intl-displaynames" "6.6.6"
    "@formatjs/intl-listformat" "7.5.5"
    intl-messageformat "10.5.11"
    tslib "^2.4.0"

"@strapi/helper-plugin@^5.0.0-alpha.0":
  version "5.0.0-alpha.0"
  resolved "https://registry.yarnpkg.com/@strapi/helper-plugin/-/helper-plugin-5.0.0-alpha.0.tgz#f317b8fe358306b379d94dc5ecc3613cd7d3bd39"
  integrity sha512-M7oC5/wDEu5VpNuKIq4ahfO+jZa96qYThxjjGoXw3w3tjeqRg6ihHTyIUv7eVur9M23lhw1Z5IQEPuOuOprAUw==
  dependencies:
    axios "1.6.8"
    date-fns "2.30.0"
    immer "9.0.21"
    lodash "4.17.21"
    qs "6.11.1"
    react-intl "6.6.2"
    react-query "3.39.3"

"@types/hoist-non-react-statics@^3.3.1":
  version "3.3.6"
  resolved "https://registry.yarnpkg.com/@types/hoist-non-react-statics/-/hoist-non-react-statics-3.3.6.tgz#6bba74383cdab98e8db4e20ce5b4a6b98caed010"
  integrity sha512-lPByRJUer/iN/xa4qpyL0qmL11DqNW81iU/IG1S3uvRUq4oKagz8VCxZjiWkumgt66YT3vOdDgZ0o32sGKtCEw==
  dependencies:
    "@types/react" "*"
    hoist-non-react-statics "^3.3.0"

"@types/prop-types@*":
  version "15.7.14"
  resolved "https://registry.yarnpkg.com/@types/prop-types/-/prop-types-15.7.14.tgz#1433419d73b2a7ebfc6918dcefd2ec0d5cd698f2"
  integrity sha512-gNMvNH49DJ7OJYv+KAKn0Xp45p8PLl6zo2YnvDIbTd4J6MER2BmWN49TG7n9LvkyihINxeKW8+3bfS2yDC9dzQ==

"@types/react@*":
  version "19.0.8"
  resolved "https://registry.yarnpkg.com/@types/react/-/react-19.0.8.tgz#7098e6159f2a61e4f4cef2c1223c044a9bec590e"
  integrity sha512-9P/o1IGdfmQxrujGbIMDyYaaCykhLKc0NGCtYcECNUr9UAaDe4gwvV9bR6tvd5Br1SG0j+PBpbKr2UYY8CwqSw==
  dependencies:
    csstype "^3.0.2"

"@types/react@16 || 17 || 18":
  version "18.3.18"
  resolved "https://registry.yarnpkg.com/@types/react/-/react-18.3.18.tgz#9b382c4cd32e13e463f97df07c2ee3bbcd26904b"
  integrity sha512-t4yC+vtgnkYjNSKlFx1jkAhH8LgTo2N/7Qvi83kdEaUtMDiwpbLAktKDaAMlRcJ5eSxZkH74eEGt1ky31d7kfQ==
  dependencies:
    "@types/prop-types" "*"
    csstype "^3.0.2"

asynckit@^0.4.0:
  version "0.4.0"
  resolved "https://registry.yarnpkg.com/asynckit/-/asynckit-0.4.0.tgz#c79ed97f7f34cb8f2ba1bc9790bcc366474b4b79"
  integrity sha512-Oei9OH4tRh0YqU3GxhX79dM/mwVgvbZJaSNaRk+bshkj0S5cfHcgYakreBjrHwatXKbz+IoIdYLxrKim2MjW0Q==

axios@1.6.8:
  version "1.6.8"
  resolved "https://registry.yarnpkg.com/axios/-/axios-1.6.8.tgz#66d294951f5d988a00e87a0ffb955316a619ea66"
  integrity sha512-v/ZHtJDU39mDpyBoFVkETcd/uNdxrWRrg3bKpOKzXFA6Bvqopts6ALSMU3y6ijYxbw2B+wPrIv46egTzJXCLGQ==
  dependencies:
    follow-redirects "^1.15.6"
    form-data "^4.0.0"
    proxy-from-env "^1.1.0"

balanced-match@^1.0.0:
  version "1.0.2"
  resolved "https://registry.yarnpkg.com/balanced-match/-/balanced-match-1.0.2.tgz#e83e3a7e3f300b34cb9d87f615fa0cbf357690ee"
  integrity sha512-3oSeUO0TMV67hN1AmbXsK4yaqU7tjiHlbxRDZOpH0KW9+CeX4bRAaX0Anxt0tx2MrpRpWwQaPwIlISEJhYU5Pw==

big-integer@^1.6.16:
  version "1.6.52"
  resolved "https://registry.yarnpkg.com/big-integer/-/big-integer-1.6.52.tgz#60a887f3047614a8e1bffe5d7173490a97dc8c85"
  integrity sha512-QxD8cf2eVqJOOz63z6JIN9BzvVs/dlySa5HGSBH5xtR8dPteIRQnBxxKqkNTiT6jbDTF6jAfrd4oMcND9RGbQg==

brace-expansion@^1.1.7:
  version "1.1.11"
  resolved "https://registry.yarnpkg.com/brace-expansion/-/brace-expansion-1.1.11.tgz#3c7fcbf529d87226f3d2f52b966ff5271eb441dd"
  integrity sha512-iCuPHDFgrHX7H2vEI/5xpz07zSHB00TpugqhmYtVmMO6518mCuRMoOYFldEBl0g187ufozdaHgWKcYFb61qGiA==
  dependencies:
    balanced-match "^1.0.0"
    concat-map "0.0.1"

broadcast-channel@^3.4.1:
  version "3.7.0"
  resolved "https://registry.yarnpkg.com/broadcast-channel/-/broadcast-channel-3.7.0.tgz#2dfa5c7b4289547ac3f6705f9c00af8723889937"
  integrity sha512-cIAKJXAxGJceNZGTZSBzMxzyOn72cVgPnKx4dc6LRjQgbaJUQqhy5rzL3zbMxkMWsGKkv2hSFkPRMEXfoMZ2Mg==
  dependencies:
    "@babel/runtime" "^7.7.2"
    detect-node "^2.1.0"
    js-sha3 "0.8.0"
    microseconds "0.2.0"
    nano-time "1.0.0"
    oblivious-set "1.0.0"
    rimraf "3.0.2"
    unload "2.2.0"

call-bind-apply-helpers@^1.0.1:
  version "1.0.1"
  resolved "https://registry.yarnpkg.com/call-bind-apply-helpers/-/call-bind-apply-helpers-1.0.1.tgz#32e5892e6361b29b0b545ba6f7763378daca2840"
  integrity sha512-BhYE+WDaywFg2TBWYNXAE+8B1ATnThNBqXHP5nQu0jWJdVvY2hvkpyB3qOmtmDePiS5/BDQ8wASEWGMWRG148g==
  dependencies:
    es-errors "^1.3.0"
    function-bind "^1.1.2"

call-bound@^1.0.2:
  version "1.0.3"
  resolved "https://registry.yarnpkg.com/call-bound/-/call-bound-1.0.3.tgz#41cfd032b593e39176a71533ab4f384aa04fd681"
  integrity sha512-YTd+6wGlNlPxSuri7Y6X8tY2dmm12UMH66RpKMhiX6rsk5wXXnYgbUcOt8kiS31/AjfoTOvCsE+w8nZQLQnzHA==
  dependencies:
    call-bind-apply-helpers "^1.0.1"
    get-intrinsic "^1.2.6"

combined-stream@^1.0.8:
  version "1.0.8"
  resolved "https://registry.yarnpkg.com/combined-stream/-/combined-stream-1.0.8.tgz#c3d45a8b34fd730631a110a8a2520682b31d5a7f"
  integrity sha512-FQN4MRfuJeHf7cBbBMJFXhKSDq+2kAArBlmRBvcvFE5BB1HZKXtSFASDhdlz9zOYwxh8lDdnvmMOe/+5cdoEdg==
  dependencies:
    delayed-stream "~1.0.0"

concat-map@0.0.1:
  version "0.0.1"
  resolved "https://registry.yarnpkg.com/concat-map/-/concat-map-0.0.1.tgz#d8a96bd77fd68df7793a73036a3ba0d5405d477b"
  integrity sha512-/Srv4dswyQNBfohGpz9o6Yb3Gz3SrUDqBH5rTuhGR7ahtlbYKnVxw2bCFMRljaA7EXHaXZ8wsHdodFvbkhKmqg==

csstype@^3.0.2:
  version "3.1.3"
  resolved "https://registry.yarnpkg.com/csstype/-/csstype-3.1.3.tgz#d80ff294d114fb0e6ac500fbf85b60137d7eff81"
  integrity sha512-M1uQkMl8rQK/szD0LNhtqxIPLpimGm8sOBwU7lLnCpSbTyY3yeU1Vc7l4KT5zT4s/yOxHH5O7tIuuLOCnLADRw==

date-fns@2.30.0:
  version "2.30.0"
  resolved "https://registry.yarnpkg.com/date-fns/-/date-fns-2.30.0.tgz#f367e644839ff57894ec6ac480de40cae4b0f4d0"
  integrity sha512-fnULvOpxnC5/Vg3NCiWelDsLiUc9bRwAPs/+LfTLNvetFCtCTN+yQz15C/fs4AwX1R9K5GLtLfn8QW+dWisaAw==
  dependencies:
    "@babel/runtime" "^7.21.0"

delayed-stream@~1.0.0:
  version "1.0.0"
  resolved "https://registry.yarnpkg.com/delayed-stream/-/delayed-stream-1.0.0.tgz#df3ae199acadfb7d440aaae0b29e2272b24ec619"
  integrity sha512-ZySD7Nf91aLB0RxL4KGrKHBXl7Eds1DAmEdcoVawXnLD7SDhpNgtuII2aAkg7a7QS41jxPSZ17p4VdGnMHk3MQ==

detect-node@^2.0.4, detect-node@^2.1.0:
  version "2.1.0"
  resolved "https://registry.yarnpkg.com/detect-node/-/detect-node-2.1.0.tgz#c9c70775a49c3d03bc2c06d9a73be550f978f8b1"
  integrity sha512-T0NIuQpnTvFDATNuHN5roPwSBG83rFsuO+MXXH9/3N1eFbn4wcPjttvjMLEPWJ0RGUYgQE7cGgS3tNxbqCGM7g==

dunder-proto@^1.0.1:
  version "1.0.1"
  resolved "https://registry.yarnpkg.com/dunder-proto/-/dunder-proto-1.0.1.tgz#d7ae667e1dc83482f8b70fd0f6eefc50da30f58a"
  integrity sha512-KIN/nDJBQRcXw0MLVhZE9iQHmG68qAVIBg9CqmUYjmQIhgij9U5MFvrqkUL5FbtyyzZuOeOt0zdeRe4UY7ct+A==
  dependencies:
    call-bind-apply-helpers "^1.0.1"
    es-errors "^1.3.0"
    gopd "^1.2.0"

es-define-property@^1.0.1:
  version "1.0.1"
  resolved "https://registry.yarnpkg.com/es-define-property/-/es-define-property-1.0.1.tgz#983eb2f9a6724e9303f61addf011c72e09e0b0fa"
  integrity sha512-e3nRfgfUZ4rNGL232gUgX06QNyyez04KdjFrF+LTRoOXmrOgFKDg4BCdsjW8EnT69eqdYGmRpJwiPVYNrCaW3g==

es-errors@^1.3.0:
  version "1.3.0"
  resolved "https://registry.yarnpkg.com/es-errors/-/es-errors-1.3.0.tgz#05f75a25dab98e4fb1dcd5e1472c0546d5057c8f"
  integrity sha512-Zf5H2Kxt2xjTvbJvP2ZWLEICxA6j+hAmMzIlypy4xcBg1vKVnx89Wy0GbS+kf5cwCVFFzdCFh2XSCFNULS6csw==

es-object-atoms@^1.0.0:
  version "1.1.1"
  resolved "https://registry.yarnpkg.com/es-object-atoms/-/es-object-atoms-1.1.1.tgz#1c4f2c4837327597ce69d2ca190a7fdd172338c1"
  integrity sha512-FGgH2h8zKNim9ljj7dankFPcICIK9Cp5bm+c2gQSYePhpaG5+esrLODihIorn+Pe6FGJzWhXQotPv73jTaldXA==
  dependencies:
    es-errors "^1.3.0"

follow-redirects@^1.15.6:
  version "1.15.9"
  resolved "https://registry.yarnpkg.com/follow-redirects/-/follow-redirects-1.15.9.tgz#a604fa10e443bf98ca94228d9eebcc2e8a2c8ee1"
  integrity sha512-gew4GsXizNgdoRyqmyfMHyAmXsZDk6mHkSxZFCzW9gwlbtOW44CDtYavM+y+72qD/Vq2l550kMF52DT8fOLJqQ==

form-data@^4.0.0:
  version "4.0.1"
  resolved "https://registry.yarnpkg.com/form-data/-/form-data-4.0.1.tgz#ba1076daaaa5bfd7e99c1a6cb02aa0a5cff90d48"
  integrity sha512-tzN8e4TX8+kkxGPK8D5u0FNmjPUjw3lwC9lSLxxoB/+GtsJG91CO8bSWy73APlgAZzZbXEYZJuxjkHH2w+Ezhw==
  dependencies:
    asynckit "^0.4.0"
    combined-stream "^1.0.8"
    mime-types "^2.1.12"

fs.realpath@^1.0.0:
  version "1.0.0"
  resolved "https://registry.yarnpkg.com/fs.realpath/-/fs.realpath-1.0.0.tgz#1504ad2523158caa40db4a2787cb01411994ea4f"
  integrity sha512-OO0pH2lK6a0hZnAdau5ItzHPI6pUlvI7jMVnxUQRtw4owF2wk8lOSabtGDCTP4Ggrg2MbGnWO9X8K1t4+fGMDw==

function-bind@^1.1.2:
  version "1.1.2"
  resolved "https://registry.yarnpkg.com/function-bind/-/function-bind-1.1.2.tgz#2c02d864d97f3ea6c8830c464cbd11ab6eab7a1c"
  integrity sha512-7XHNxH7qX9xG5mIwxkhumTox/MIRNcOgDrxWsMt2pAr23WHp6MrRlN7FBSFpCpr+oVO0F744iUgR82nJMfG2SA==

get-intrinsic@^1.2.5, get-intrinsic@^1.2.6:
  version "1.2.7"
  resolved "https://registry.yarnpkg.com/get-intrinsic/-/get-intrinsic-1.2.7.tgz#dcfcb33d3272e15f445d15124bc0a216189b9044"
  integrity sha512-VW6Pxhsrk0KAOqs3WEd0klDiF/+V7gQOpAvY1jVU/LHmaD/kQO4523aiJuikX/QAKYiW6x8Jh+RJej1almdtCA==
  dependencies:
    call-bind-apply-helpers "^1.0.1"
    es-define-property "^1.0.1"
    es-errors "^1.3.0"
    es-object-atoms "^1.0.0"
    function-bind "^1.1.2"
    get-proto "^1.0.0"
    gopd "^1.2.0"
    has-symbols "^1.1.0"
    hasown "^2.0.2"
    math-intrinsics "^1.1.0"

get-proto@^1.0.0:
  version "1.0.1"
  resolved "https://registry.yarnpkg.com/get-proto/-/get-proto-1.0.1.tgz#150b3f2743869ef3e851ec0c49d15b1d14d00ee1"
  integrity sha512-sTSfBjoXBp89JvIKIefqw7U2CCebsc74kiY6awiGogKtoSGbgjYE/G/+l9sF3MWFPNc9IcoOC4ODfKHfxFmp0g==
  dependencies:
    dunder-proto "^1.0.1"
    es-object-atoms "^1.0.0"

glob@^7.1.3:
  version "7.2.3"
  resolved "https://registry.yarnpkg.com/glob/-/glob-7.2.3.tgz#b8df0fb802bbfa8e89bd1d938b4e16578ed44f2b"
  integrity sha512-nFR0zLpU2YCaRxwoCJvL6UvCH2JFyFVIvwTLsIf21AuHlMskA1hhTdk+LlYJtOlYt9v6dvszD2BGRqBL+iQK9Q==
  dependencies:
    fs.realpath "^1.0.0"
    inflight "^1.0.4"
    inherits "2"
    minimatch "^3.1.1"
    once "^1.3.0"
    path-is-absolute "^1.0.0"

gopd@^1.2.0:
  version "1.2.0"
  resolved "https://registry.yarnpkg.com/gopd/-/gopd-1.2.0.tgz#89f56b8217bdbc8802bd299df6d7f1081d7e51a1"
  integrity sha512-ZUKRh6/kUFoAiTAtTYPZJ3hw9wNxx+BIBOijnlG9PnrJsCcSjs1wyyD6vJpaYtgnzDrKYRSqf3OO6Rfa93xsRg==

has-symbols@^1.1.0:
  version "1.1.0"
  resolved "https://registry.yarnpkg.com/has-symbols/-/has-symbols-1.1.0.tgz#fc9c6a783a084951d0b971fe1018de813707a338"
  integrity sha512-1cDNdwJ2Jaohmb3sg4OmKaMBwuC48sYni5HUw2DvsC8LjGTLK9h+eb1X6RyuOHe4hT0ULCW68iomhjUoKUqlPQ==

hasown@^2.0.2:
  version "2.0.2"
  resolved "https://registry.yarnpkg.com/hasown/-/hasown-2.0.2.tgz#003eaf91be7adc372e84ec59dc37252cedb80003"
  integrity sha512-0hJU9SCPvmMzIBdZFqNPXWa6dqh7WdH0cII9y+CyS8rG3nL48Bclra9HmKhVVUHyPWNH5Y7xDwAB7bfgSjkUMQ==
  dependencies:
    function-bind "^1.1.2"

hoist-non-react-statics@^3.3.0, hoist-non-react-statics@^3.3.2:
  version "3.3.2"
  resolved "https://registry.yarnpkg.com/hoist-non-react-statics/-/hoist-non-react-statics-3.3.2.tgz#ece0acaf71d62c2969c2ec59feff42a4b1a85b45"
  integrity sha512-/gGivxi8JPKWNm/W0jSmzcMPpfpPLc3dY/6GxhX2hQ9iGj3aDfklV4ET7NjKpSinLpJ5vafa9iiGIEZg10SfBw==
  dependencies:
    react-is "^16.7.0"

immer@9.0.21:
  version "9.0.21"
  resolved "https://registry.yarnpkg.com/immer/-/immer-9.0.21.tgz#1e025ea31a40f24fb064f1fef23e931496330176"
  integrity sha512-bc4NBHqOqSfRW7POMkHd51LvClaeMXpm8dx0e8oE2GORbq5aRK7Bxl4FyzVLdGtLmvLKL7BTDBG5ACQm4HWjTA==

inflight@^1.0.4:
  version "1.0.6"
  resolved "https://registry.yarnpkg.com/inflight/-/inflight-1.0.6.tgz#49bd6331d7d02d0c09bc910a1075ba8165b56df9"
  integrity sha512-k92I/b08q4wvFscXCLvqfsHCrjrF7yiXsQuIVvVE7N82W3+aqpzuUdBbfhWcy/FZR3/4IgflMgKLOsvPDrGCJA==
  dependencies:
    once "^1.3.0"
    wrappy "1"

inherits@2:
  version "2.0.4"
  resolved "https://registry.yarnpkg.com/inherits/-/inherits-2.0.4.tgz#0fa2c64f932917c3433a0ded55363aae37416b7c"
  integrity sha512-k/vGaX4/Yla3WzyMCvTQOXYeIHvqOKtnqBduzTHpzpQZzAskKMhZ2K+EnBiSM9zGSoIFeMpXKxa4dYeZIQqewQ==

intl-messageformat@10.5.11:
  version "10.5.11"
  resolved "https://registry.yarnpkg.com/intl-messageformat/-/intl-messageformat-10.5.11.tgz#95d6a3b0b303f924d5d8c3f8d3ad057d1dc73c64"
  integrity sha512-eYq5fkFBVxc7GIFDzpFQkDOZgNayNTQn4Oufe8jw6YY6OHVw70/4pA3FyCsQ0Gb2DnvEJEMmN2tOaXUGByM+kg==
  dependencies:
    "@formatjs/ecma402-abstract" "1.18.2"
    "@formatjs/fast-memoize" "2.2.0"
    "@formatjs/icu-messageformat-parser" "2.7.6"
    tslib "^2.4.0"

js-sha3@0.8.0:
  version "0.8.0"
  resolved "https://registry.yarnpkg.com/js-sha3/-/js-sha3-0.8.0.tgz#b9b7a5da73afad7dedd0f8c463954cbde6818840"
  integrity sha512-gF1cRrHhIzNfToc802P800N8PpXS+evLLXfsVpowqmAFR9uwbi89WvXg2QspOmXL8QL86J4T1EpFu+yUkwJY3Q==

lodash@4.17.21:
  version "4.17.21"
  resolved "https://registry.yarnpkg.com/lodash/-/lodash-4.17.21.tgz#679591c564c3bffaae8454cf0b3df370c3d6911c"
  integrity sha512-v2kDEe57lecTulaDIuNTPy3Ry4gLGJ6Z1O3vE1krgXZNrsQ+LFTGHVxVjcXPs17LhbZVGedAJv8XZ1tvj5FvSg==

match-sorter@^6.0.2:
  version "6.4.0"
  resolved "https://registry.yarnpkg.com/match-sorter/-/match-sorter-6.4.0.tgz#ae9c166cb3c9efd337690b3160c0e28cb8377c13"
  integrity sha512-d4664ahzdL1QTTvmK1iI0JsrxWeJ6gn33qkYtnPg3mcn+naBLtXSgSPOe+X2vUgtgGwaAk3eiaj7gwKjjMAq+Q==
  dependencies:
    "@babel/runtime" "^7.23.8"
    remove-accents "0.5.0"

math-intrinsics@^1.1.0:
  version "1.1.0"
  resolved "https://registry.yarnpkg.com/math-intrinsics/-/math-intrinsics-1.1.0.tgz#a0dd74be81e2aa5c2f27e65ce283605ee4e2b7f9"
  integrity sha512-/IXtbwEk5HTPyEwyKX6hGkYXxM9nbj64B+ilVJnC/R6B0pH5G4V3b0pVbL7DBj4tkhBAppbQUlf6F6Xl9LHu1g==

microseconds@0.2.0:
  version "0.2.0"
  resolved "https://registry.yarnpkg.com/microseconds/-/microseconds-0.2.0.tgz#233b25f50c62a65d861f978a4a4f8ec18797dc39"
  integrity sha512-n7DHHMjR1avBbSpsTBj6fmMGh2AGrifVV4e+WYc3Q9lO+xnSZ3NyhcBND3vzzatt05LFhoKFRxrIyklmLlUtyA==

mime-db@1.52.0:
  version "1.52.0"
  resolved "https://registry.yarnpkg.com/mime-db/-/mime-db-1.52.0.tgz#bbabcdc02859f4987301c856e3387ce5ec43bf70"
  integrity sha512-sPU4uV7dYlvtWJxwwxHD0PuihVNiE7TyAbQ5SWxDCB9mUYvOgroQOwYQQOKPJ8CIbE+1ETVlOoK1UC2nU3gYvg==

mime-types@^2.1.12:
  version "2.1.35"
  resolved "https://registry.yarnpkg.com/mime-types/-/mime-types-2.1.35.tgz#381a871b62a734450660ae3deee44813f70d959a"
  integrity sha512-ZDY+bPm5zTTF+YpCrAU9nK0UgICYPT0QtT1NZWFv4s++TNkcgVaT0g6+4R2uI4MjQjzysHB1zxuWL50hzaeXiw==
  dependencies:
    mime-db "1.52.0"

minimatch@^3.1.1:
  version "3.1.2"
  resolved "https://registry.yarnpkg.com/minimatch/-/minimatch-3.1.2.tgz#19cd194bfd3e428f049a70817c038d89ab4be35b"
  integrity sha512-J7p63hRiAjw1NDEww1W7i37+ByIrOWO5XQQAzZ3VOcL0PNybwpfmV/N05zFAzwQ9USyEcX6t3UO+K5aqBQOIHw==
  dependencies:
    brace-expansion "^1.1.7"

nano-time@1.0.0:
  version "1.0.0"
  resolved "https://registry.yarnpkg.com/nano-time/-/nano-time-1.0.0.tgz#b0554f69ad89e22d0907f7a12b0993a5d96137ef"
  integrity sha512-flnngywOoQ0lLQOTRNexn2gGSNuM9bKj9RZAWSzhQ+UJYaAFG9bac4DW9VHjUAzrOaIcajHybCTHe/bkvozQqA==
  dependencies:
    big-integer "^1.6.16"

object-inspect@^1.13.3:
  version "1.13.3"
  resolved "https://registry.yarnpkg.com/object-inspect/-/object-inspect-1.13.3.tgz#f14c183de51130243d6d18ae149375ff50ea488a"
  integrity sha512-kDCGIbxkDSXE3euJZZXzc6to7fCrKHNI/hSRQnRuQ+BWjFNzZwiFF8fj/6o2t2G9/jTj8PSIYTfCLelLZEeRpA==

oblivious-set@1.0.0:
  version "1.0.0"
  resolved "https://registry.yarnpkg.com/oblivious-set/-/oblivious-set-1.0.0.tgz#c8316f2c2fb6ff7b11b6158db3234c49f733c566"
  integrity sha512-z+pI07qxo4c2CulUHCDf9lcqDlMSo72N/4rLUpRXf6fu+q8vjt8y0xS+Tlf8NTJDdTXHbdeO1n3MlbctwEoXZw==

once@^1.3.0:
  version "1.4.0"
  resolved "https://registry.yarnpkg.com/once/-/once-1.4.0.tgz#583b1aa775961d4b113ac17d9c50baef9dd76bd1"
  integrity sha512-lNaJgI+2Q5URQBkccEKHTQOPaXdUxnZZElQTZY0MFUAuaEqe1E+Nyvgdz/aIyNi6Z9MzO5dv1H8n58/GELp3+w==
  dependencies:
    wrappy "1"

path-is-absolute@^1.0.0:
  version "1.0.1"
  resolved "https://registry.yarnpkg.com/path-is-absolute/-/path-is-absolute-1.0.1.tgz#174b9268735534ffbc7ace6bf53a5a9e1b5c5f5f"
  integrity sha512-AVbw3UJ2e9bq64vSaS9Am0fje1Pa8pbGqTTsmXfaIiMpnr5DlDhfJOuLj9Sf95ZPVDAUerDfEk88MPmPe7UCQg==

proxy-from-env@^1.1.0:
  version "1.1.0"
  resolved "https://registry.yarnpkg.com/proxy-from-env/-/proxy-from-env-1.1.0.tgz#e102f16ca355424865755d2c9e8ea4f24d58c3e2"
  integrity sha512-D+zkORCbA9f1tdWRK0RaCR3GPv50cMxcrz4X8k5LTSUD1Dkw47mKJEZQNunItRTkWwgtaUSo1RVFRIG9ZXiFYg==

qs@6.11.1:
  version "6.11.1"
  resolved "https://registry.yarnpkg.com/qs/-/qs-6.11.1.tgz#6c29dff97f0c0060765911ba65cbc9764186109f"
  integrity sha512-0wsrzgTz/kAVIeuxSjnpGC56rzYtr6JT/2BwEvMaPhFIoYa1aGO8LbzuU1R0uUYQkLpWBTOj0l/CLAJB64J6nQ==
  dependencies:
    side-channel "^1.0.4"

react-intl@6.6.2:
  version "6.6.2"
  resolved "https://registry.yarnpkg.com/react-intl/-/react-intl-6.6.2.tgz#97a044afa9cac65ae62f404c8bb9cbd3aec52d41"
  integrity sha512-IpW2IkLtGENSFlX3vfH11rjuCIsW0VyjT0Q1pPKMZPtT2z1FxLt4weFT5Ezti2TScT1xiyb3aQBFth9EB7jzAg==
  dependencies:
    "@formatjs/ecma402-abstract" "1.18.2"
    "@formatjs/icu-messageformat-parser" "2.7.6"
    "@formatjs/intl" "2.10.0"
    "@formatjs/intl-displaynames" "6.6.6"
    "@formatjs/intl-listformat" "7.5.5"
    "@types/hoist-non-react-statics" "^3.3.1"
    "@types/react" "16 || 17 || 18"
    hoist-non-react-statics "^3.3.2"
    intl-messageformat "10.5.11"
    tslib "^2.4.0"

react-is@^16.7.0:
  version "16.13.1"
  resolved "https://registry.yarnpkg.com/react-is/-/react-is-16.13.1.tgz#789729a4dc36de2999dc156dd6c1d9c18cea56a4"
  integrity sha512-24e6ynE2H+OKt4kqsOvNd8kBpV65zoxbA4BVsEOB3ARVWQki/DHzaUoC5KuON/BiccDaCCTZBuOcfZs70kR8bQ==

react-query@3.39.3:
  version "3.39.3"
  resolved "https://registry.yarnpkg.com/react-query/-/react-query-3.39.3.tgz#4cea7127c6c26bdea2de5fb63e51044330b03f35"
  integrity sha512-nLfLz7GiohKTJDuT4us4X3h/8unOh+00MLb2yJoGTPjxKs2bc1iDhkNx2bd5MKklXnOD3NrVZ+J2UXujA5In4g==
  dependencies:
    "@babel/runtime" "^7.5.5"
    broadcast-channel "^3.4.1"
    match-sorter "^6.0.2"

regenerator-runtime@^0.14.0:
  version "0.14.1"
  resolved "https://registry.yarnpkg.com/regenerator-runtime/-/regenerator-runtime-0.14.1.tgz#356ade10263f685dda125100cd862c1db895327f"
  integrity sha512-dYnhHh0nJoMfnkZs6GmmhFknAGRrLznOu5nc9ML+EJxGvrx6H7teuevqVqCuPcPK//3eDrrjQhehXVx9cnkGdw==

remove-accents@0.5.0:
  version "0.5.0"
  resolved "https://registry.yarnpkg.com/remove-accents/-/remove-accents-0.5.0.tgz#77991f37ba212afba162e375b627631315bed687"
  integrity sha512-8g3/Otx1eJaVD12e31UbJj1YzdtVvzH85HV7t+9MJYk/u3XmkOUJ5Ys9wQrf9PCPK8+xn4ymzqYCiZl6QWKn+A==

rimraf@3.0.2:
  version "3.0.2"
  resolved "https://registry.yarnpkg.com/rimraf/-/rimraf-3.0.2.tgz#f1a5402ba6220ad52cc1282bac1ae3aa49fd061a"
  integrity sha512-JZkJMZkAGFFPP2YqXZXPbMlMBgsxzE8ILs4lMIX/2o0L9UBw9O/Y3o6wFw/i9YLapcUJWwqbi3kdxIPdC62TIA==
  dependencies:
    glob "^7.1.3"

side-channel-list@^1.0.0:
  version "1.0.0"
  resolved "https://registry.yarnpkg.com/side-channel-list/-/side-channel-list-1.0.0.tgz#10cb5984263115d3b7a0e336591e290a830af8ad"
  integrity sha512-FCLHtRD/gnpCiCHEiJLOwdmFP+wzCmDEkc9y7NsYxeF4u7Btsn1ZuwgwJGxImImHicJArLP4R0yX4c2KCrMrTA==
  dependencies:
    es-errors "^1.3.0"
    object-inspect "^1.13.3"

side-channel-map@^1.0.1:
  version "1.0.1"
  resolved "https://registry.yarnpkg.com/side-channel-map/-/side-channel-map-1.0.1.tgz#d6bb6b37902c6fef5174e5f533fab4c732a26f42"
  integrity sha512-VCjCNfgMsby3tTdo02nbjtM/ewra6jPHmpThenkTYh8pG9ucZ/1P8So4u4FGBek/BjpOVsDCMoLA/iuBKIFXRA==
  dependencies:
    call-bound "^1.0.2"
    es-errors "^1.3.0"
    get-intrinsic "^1.2.5"
    object-inspect "^1.13.3"

side-channel-weakmap@^1.0.2:
  version "1.0.2"
  resolved "https://registry.yarnpkg.com/side-channel-weakmap/-/side-channel-weakmap-1.0.2.tgz#11dda19d5368e40ce9ec2bdc1fb0ecbc0790ecea"
  integrity sha512-WPS/HvHQTYnHisLo9McqBHOJk2FkHO/tlpvldyrnem4aeQp4hai3gythswg6p01oSoTl58rcpiFAjF2br2Ak2A==
  dependencies:
    call-bound "^1.0.2"
    es-errors "^1.3.0"
    get-intrinsic "^1.2.5"
    object-inspect "^1.13.3"
    side-channel-map "^1.0.1"

side-channel@^1.0.4:
  version "1.1.0"
  resolved "https://registry.yarnpkg.com/side-channel/-/side-channel-1.1.0.tgz#c3fcff9c4da932784873335ec9765fa94ff66bc9"
  integrity sha512-ZX99e6tRweoUXqR+VBrslhda51Nh5MTQwou5tnUDgbtyM0dBgmhEDtWGP/xbKn6hqfPRHujUNwz5fy/wbbhnpw==
  dependencies:
    es-errors "^1.3.0"
    object-inspect "^1.13.3"
    side-channel-list "^1.0.0"
    side-channel-map "^1.0.1"
    side-channel-weakmap "^1.0.2"

tslib@^2.4.0:
  version "2.8.1"
  resolved "https://registry.yarnpkg.com/tslib/-/tslib-2.8.1.tgz#612efe4ed235d567e8aba5f2a5fab70280ade83f"
  integrity sha512-oJFu94HQb+KVduSUQL7wnpmqnfmLsOA/nAh6b6EH0wCEoK0/mPeXU6c3wKDV83MkOuHPRHtSXKKU99IBazS/2w==

unload@2.2.0:
  version "2.2.0"
  resolved "https://registry.yarnpkg.com/unload/-/unload-2.2.0.tgz#ccc88fdcad345faa06a92039ec0f80b488880ef7"
  integrity sha512-B60uB5TNBLtN6/LsgAf3udH9saB5p7gqJwcFfbOEZ8BcBHnGwCf6G/TGiEqkRAxX7zAFIUtzdrXQSdL3Q/wqNA==
  dependencies:
    "@babel/runtime" "^7.6.2"
    detect-node "^2.0.4"

wrappy@1:
  version "1.0.2"
  resolved "https://registry.yarnpkg.com/wrappy/-/wrappy-1.0.2.tgz#b5243d8f3ec1aa35f1364605bc0d1036e30ab69f"
  integrity sha512-l4Sp/DRseor9wL6EvV2+TuQn63dMkPjZ/sp9XkghTEbV9KlPS1xUsZ3u7/IQO4wxtcFB4bgpQPRcR3QCvezPcQ==
